
Microsoft Visual Studio Solution File, Format Version 12.00
# Visual Studio Version 16
VisualStudioVersion = 16.0.31313.79
MinimumVisualStudioVersion = 10.0.40219.1
Project("{FAE04EC0-301F-11D3-BF4B-00C04F79EFBC}") = "Mathlogic", "TestUnit\Mathlogic.csproj", "{382AF4F9-2FBA-4F0F-9B23-A0E76ADF9545}"
EndProject
Project("{FAE04EC0-301F-11D3-BF4B-00C04F79EFBC}") = "MathLogic.Test", "MathLogic.Test\MathLogic.Test.csproj", "{5972E2EC-5AFC-4239-A2FE-D1591234A13F}"
EndProject
Global
	GlobalSection(SolutionConfigurationPlatforms) = preSolution
		Debug|Any CPU = Debug|Any CPU
		Release|Any CPU = Release|Any CPU
	EndGlobalSection
	GlobalSection(ProjectConfigurationPlatforms) = postSolution
		{382AF4F9-2FBA-4F0F-9B23-A0E76ADF9545}.Debug|Any CPU.ActiveCfg = Debug|Any CPU
		{382AF4F9-2FBA-4F0F-9B23-A0E76ADF9545}.Debug|Any CPU.Build.0 = Debug|Any CPU
		{382AF4F9-2FBA-4F0F-9B23-A0E76ADF9545}.Release|Any CPU.ActiveCfg = Release|Any CPU
		{382AF4F9-2FBA-4F0F-9B23-A0E76ADF9545}.Release|Any CPU.Build.0 = Release|Any CPU
		{5972E2EC-5AFC-4239-A2FE-D1591234A13F}.Debug|Any CPU.ActiveCfg = Debug|Any CPU
		{5972E2EC-5AFC-4239-A2FE-D1591234A13F}.Debug|Any CPU.Build.0 = Debug|Any CPU
		{5972E2EC-5AFC-4239-A2FE-D1591234A13F}.Release|Any CPU.ActiveCfg = Release|Any CPU
		{5972E2EC-5AFC-4239-A2FE-D1591234A13F}.Release|Any CPU.Build.0 = Release|Any CPU
	EndGlobalSection
	GlobalSection(SolutionProperties) = preSolution
		HideSolutionNode = FALSE
	EndGlobalSection
	GlobalSection(ExtensibilityGlobals) = postSolution
		SolutionGuid = {0851A657-DFBC-4BF6-84A4-A7E35FF3DA42}
	EndGlobalSection
EndGlobal
